
Microsoft Visual Studio Solution File, Format Version 12.00
# Visual Studio Version 17
VisualStudioVersion = 17.8.34330.188
MinimumVisualStudioVersion = 10.0.40219.1
Project("{FAE04EC0-301F-11D3-BF4B-00C04F79EFBC}") = "UtilityBoy", "UtilityBoy\UtilityBoy.csproj", "{1C6F026B-093B-47C0-B163-EBAFC2081BA2}"
EndProject
Global
	GlobalSection(SolutionConfigurationPlatforms) = preSolution
		Debug|Any CPU = Debug|Any CPU
		Release|Any CPU = Release|Any CPU
	EndGlobalSection
	GlobalSection(ProjectConfigurationPlatforms) = postSolution
		{1C6F026B-093B-47C0-B163-EBAFC2081BA2}.Debug|Any CPU.ActiveCfg = Debug|Any CPU
		{1C6F026B-093B-47C0-B163-EBAFC2081BA2}.Debug|Any CPU.Build.0 = Debug|Any CPU
		{1C6F026B-093B-47C0-B163-EBAFC2081BA2}.Release|Any CPU.ActiveCfg = Release|Any CPU
		{1C6F026B-093B-47C0-B163-EBAFC2081BA2}.Release|Any CPU.Build.0 = Release|Any CPU
	EndGlobalSection
	GlobalSection(SolutionProperties) = preSolution
		HideSolutionNode = FALSE
	EndGlobalSection
	GlobalSection(ExtensibilityGlobals) = postSolution
		SolutionGuid = {28C6A525-A1F7-4FEC-9612-D0DE29AA111F}
	EndGlobalSection
EndGlobal
